
Microsoft Visual Studio Solution File, Format Version 12.00
# Visual Studio Version 17
VisualStudioVersion = 17.0.31611.283
MinimumVisualStudioVersion = 10.0.40219.1
Project("{9A19103F-16F7-4668-BE54-9A1E7A4F7556}") = "SocialMediaApp", "SocialMediaApp\SocialMediaApp.csproj", "{F67CFF81-1E91-43B4-8C33-C4C577A4F824}"
EndProject
Project("{FAE04EC0-301F-11D3-BF4B-00C04F79EFBC}") = "SocialMediaApp.Tests", "SocialMediaApp.Tests\SocialMediaApp.Tests.csproj", "{EEA3FD18-C5DF-4CA1-88A9-9314E4666817}"
EndProject
Global
	GlobalSection(SolutionConfigurationPlatforms) = preSolution
		Debug|Any CPU = Debug|Any CPU
		Release|Any CPU = Release|Any CPU
	EndGlobalSection
	GlobalSection(ProjectConfigurationPlatforms) = postSolution
		{F67CFF81-1E91-43B4-8C33-C4C577A4F824}.Debug|Any CPU.ActiveCfg = Debug|Any CPU
		{F67CFF81-1E91-43B4-8C33-C4C577A4F824}.Debug|Any CPU.Build.0 = Debug|Any CPU
		{F67CFF81-1E91-43B4-8C33-C4C577A4F824}.Debug|Any CPU.Deploy.0 = Debug|Any CPU
		{F67CFF81-1E91-43B4-8C33-C4C577A4F824}.Release|Any CPU.ActiveCfg = Release|Any CPU
		{F67CFF81-1E91-43B4-8C33-C4C577A4F824}.Release|Any CPU.Build.0 = Release|Any CPU
		{F67CFF81-1E91-43B4-8C33-C4C577A4F824}.Release|Any CPU.Deploy.0 = Release|Any CPU
		{EEA3FD18-C5DF-4CA1-88A9-9314E4666817}.Debug|Any CPU.ActiveCfg = Debug|Any CPU
		{EEA3FD18-C5DF-4CA1-88A9-9314E4666817}.Debug|Any CPU.Build.0 = Debug|Any CPU
		{EEA3FD18-C5DF-4CA1-88A9-9314E4666817}.Release|Any CPU.ActiveCfg = Release|Any CPU
		{EEA3FD18-C5DF-4CA1-88A9-9314E4666817}.Release|Any CPU.Build.0 = Release|Any CPU
	EndGlobalSection
	GlobalSection(SolutionProperties) = preSolution
		HideSolutionNode = FALSE
	EndGlobalSection
	GlobalSection(ExtensibilityGlobals) = postSolution
		SolutionGuid = {61F7FB11-1E47-470C-91E2-47F8143E1572}
	EndGlobalSection
EndGlobal
